
Microsoft Visual Studio Solution File, Format Version 12.00
Project("{FAE04EC0-301F-11D3-BF4B-00C04F79EFBC}") = "Lab3", "Lab3\Lab3.csproj", "{152DBF12-965D-4CC7-B22C-99657E66FA5C}"
EndProject
Project("{FAE04EC0-301F-11D3-BF4B-00C04F79EFBC}") = "Rezolvare", "Rezolvare\Rezolvare.csproj", "{A3140B45-F865-4489-AB02-694978DD5EC0}"
EndProject
Global
	GlobalSection(SolutionConfigurationPlatforms) = preSolution
		Debug|Any CPU = Debug|Any CPU
		Release|Any CPU = Release|Any CPU
	EndGlobalSection
	GlobalSection(ProjectConfigurationPlatforms) = postSolution
		{152DBF12-965D-4CC7-B22C-99657E66FA5C}.Debug|Any CPU.ActiveCfg = Debug|Any CPU
		{152DBF12-965D-4CC7-B22C-99657E66FA5C}.Debug|Any CPU.Build.0 = Debug|Any CPU
		{152DBF12-965D-4CC7-B22C-99657E66FA5C}.Release|Any CPU.ActiveCfg = Release|Any CPU
		{152DBF12-965D-4CC7-B22C-99657E66FA5C}.Release|Any CPU.Build.0 = Release|Any CPU
		{A3140B45-F865-4489-AB02-694978DD5EC0}.Debug|Any CPU.ActiveCfg = Debug|Any CPU
		{A3140B45-F865-4489-AB02-694978DD5EC0}.Debug|Any CPU.Build.0 = Debug|Any CPU
		{A3140B45-F865-4489-AB02-694978DD5EC0}.Release|Any CPU.ActiveCfg = Release|Any CPU
		{A3140B45-F865-4489-AB02-694978DD5EC0}.Release|Any CPU.Build.0 = Release|Any CPU
	EndGlobalSection
EndGlobal
