
Microsoft Visual Studio Solution File, Format Version 12.00
Project("{FAE04EC0-301F-11D3-BF4B-00C04F79EFBC}") = "LAB6", "LAB6\LAB6.csproj", "{A7890D12-305A-4E3E-BBAC-1F8C8D220423}"
EndProject
Global
	GlobalSection(SolutionConfigurationPlatforms) = preSolution
		Debug|Any CPU = Debug|Any CPU
		Release|Any CPU = Release|Any CPU
	EndGlobalSection
	GlobalSection(ProjectConfigurationPlatforms) = postSolution
		{A7890D12-305A-4E3E-BBAC-1F8C8D220423}.Debug|Any CPU.ActiveCfg = Debug|Any CPU
		{A7890D12-305A-4E3E-BBAC-1F8C8D220423}.Debug|Any CPU.Build.0 = Debug|Any CPU
		{A7890D12-305A-4E3E-BBAC-1F8C8D220423}.Release|Any CPU.ActiveCfg = Release|Any CPU
		{A7890D12-305A-4E3E-BBAC-1F8C8D220423}.Release|Any CPU.Build.0 = Release|Any CPU
	EndGlobalSection
EndGlobal
