
Microsoft Visual Studio Solution File, Format Version 12.00
Project("{FAE04EC0-301F-11D3-BF4B-00C04F79EFBC}") = "LAB7", "LAB7\LAB7.csproj", "{93AB2ED7-091B-4E53-8F94-F7EE1F8A1238}"
EndProject
Project("{FAE04EC0-301F-11D3-BF4B-00C04F79EFBC}") = "RezolvareCerinta", "RezolvareCerinta\RezolvareCerinta.csproj", "{6E5A916C-AAAA-48F7-931C-39AA573597C1}"
EndProject
Global
	GlobalSection(SolutionConfigurationPlatforms) = preSolution
		Debug|Any CPU = Debug|Any CPU
		Release|Any CPU = Release|Any CPU
	EndGlobalSection
	GlobalSection(ProjectConfigurationPlatforms) = postSolution
		{93AB2ED7-091B-4E53-8F94-F7EE1F8A1238}.Debug|Any CPU.ActiveCfg = Debug|Any CPU
		{93AB2ED7-091B-4E53-8F94-F7EE1F8A1238}.Debug|Any CPU.Build.0 = Debug|Any CPU
		{93AB2ED7-091B-4E53-8F94-F7EE1F8A1238}.Release|Any CPU.ActiveCfg = Release|Any CPU
		{93AB2ED7-091B-4E53-8F94-F7EE1F8A1238}.Release|Any CPU.Build.0 = Release|Any CPU
		{6E5A916C-AAAA-48F7-931C-39AA573597C1}.Debug|Any CPU.ActiveCfg = Debug|Any CPU
		{6E5A916C-AAAA-48F7-931C-39AA573597C1}.Debug|Any CPU.Build.0 = Debug|Any CPU
		{6E5A916C-AAAA-48F7-931C-39AA573597C1}.Release|Any CPU.ActiveCfg = Release|Any CPU
		{6E5A916C-AAAA-48F7-931C-39AA573597C1}.Release|Any CPU.Build.0 = Release|Any CPU
	EndGlobalSection
EndGlobal
