
Microsoft Visual Studio Solution File, Format Version 12.00
Project("{FAE04EC0-301F-11D3-BF4B-00C04F79EFBC}") = "Lab2", "Lab2\Lab2.csproj", "{A319ECF7-256F-4BE6-A956-195F9CB9AB53}"
EndProject
Project("{FAE04EC0-301F-11D3-BF4B-00C04F79EFBC}") = "Cerinta", "Cerinta\Cerinta.csproj", "{4C414449-034D-4173-88C0-AFEE922A1F88}"
EndProject
Global
	GlobalSection(SolutionConfigurationPlatforms) = preSolution
		Debug|Any CPU = Debug|Any CPU
		Release|Any CPU = Release|Any CPU
	EndGlobalSection
	GlobalSection(ProjectConfigurationPlatforms) = postSolution
		{A319ECF7-256F-4BE6-A956-195F9CB9AB53}.Debug|Any CPU.ActiveCfg = Debug|Any CPU
		{A319ECF7-256F-4BE6-A956-195F9CB9AB53}.Debug|Any CPU.Build.0 = Debug|Any CPU
		{A319ECF7-256F-4BE6-A956-195F9CB9AB53}.Release|Any CPU.ActiveCfg = Release|Any CPU
		{A319ECF7-256F-4BE6-A956-195F9CB9AB53}.Release|Any CPU.Build.0 = Release|Any CPU
		{4C414449-034D-4173-88C0-AFEE922A1F88}.Debug|Any CPU.ActiveCfg = Debug|Any CPU
		{4C414449-034D-4173-88C0-AFEE922A1F88}.Debug|Any CPU.Build.0 = Debug|Any CPU
		{4C414449-034D-4173-88C0-AFEE922A1F88}.Release|Any CPU.ActiveCfg = Release|Any CPU
		{4C414449-034D-4173-88C0-AFEE922A1F88}.Release|Any CPU.Build.0 = Release|Any CPU
	EndGlobalSection
EndGlobal
